
Microsoft Visual Studio Solution File, Format Version 12.00
# Visual Studio Version 17
VisualStudioVersion = 17.10.34928.147
MinimumVisualStudioVersion = 10.0.40219.1
Project("{FAE04EC0-301F-11D3-BF4B-00C04F79EFBC}") = "JavaTpoint_OOP", "JavaTpoint_OOP\JavaTpoint_OOP.csproj", "{6B1CE256-44D1-451F-B8BE-34977E7DB82B}"
EndProject
Project("{FAE04EC0-301F-11D3-BF4B-00C04F79EFBC}") = "ArraysVetor", "ArraysVetor\ArraysVetor.csproj", "{73E56635-0DDD-4020-B1F0-33C3D6712374}"
EndProject
Global
	GlobalSection(SolutionConfigurationPlatforms) = preSolution
		Debug|Any CPU = Debug|Any CPU
		Release|Any CPU = Release|Any CPU
	EndGlobalSection
	GlobalSection(ProjectConfigurationPlatforms) = postSolution
		{6B1CE256-44D1-451F-B8BE-34977E7DB82B}.Debug|Any CPU.ActiveCfg = Debug|Any CPU
		{6B1CE256-44D1-451F-B8BE-34977E7DB82B}.Debug|Any CPU.Build.0 = Debug|Any CPU
		{6B1CE256-44D1-451F-B8BE-34977E7DB82B}.Release|Any CPU.ActiveCfg = Release|Any CPU
		{6B1CE256-44D1-451F-B8BE-34977E7DB82B}.Release|Any CPU.Build.0 = Release|Any CPU
		{73E56635-0DDD-4020-B1F0-33C3D6712374}.Debug|Any CPU.ActiveCfg = Debug|Any CPU
		{73E56635-0DDD-4020-B1F0-33C3D6712374}.Debug|Any CPU.Build.0 = Debug|Any CPU
		{73E56635-0DDD-4020-B1F0-33C3D6712374}.Release|Any CPU.ActiveCfg = Release|Any CPU
		{73E56635-0DDD-4020-B1F0-33C3D6712374}.Release|Any CPU.Build.0 = Release|Any CPU
	EndGlobalSection
	GlobalSection(SolutionProperties) = preSolution
		HideSolutionNode = FALSE
	EndGlobalSection
	GlobalSection(ExtensibilityGlobals) = postSolution
		SolutionGuid = {F141843B-191A-4E8A-B33E-BF1389F86A9C}
	EndGlobalSection
EndGlobal
